
Microsoft Visual Studio Solution File, Format Version 12.00
# Visual Studio Version 16
VisualStudioVersion = 16.0.30711.63
MinimumVisualStudioVersion = 10.0.40219.1
Project("{FAE04EC0-301F-11D3-BF4B-00C04F79EFBC}") = "UI_DS_ATV_FINAL_Agenda_compromissos", "UI_DS_ATV_FINAL_Agenda_compromissos.csproj", "{7DB110A6-F03B-46FB-82B0-C81E1401B8CC}"
EndProject
Project("{FAE04EC0-301F-11D3-BF4B-00C04F79EFBC}") = "DTO_DS_ATV_FINAL_Agenda_compromissos", "DTO_DS_ATV_FINAL_Agenda_compromissos\DTO_DS_ATV_FINAL_Agenda_compromissos.csproj", "{E72E8811-AE32-4981-804E-ABAB55C1AA2E}"
EndProject
Project("{FAE04EC0-301F-11D3-BF4B-00C04F79EFBC}") = "DAL_DS_ATV_FINAL_Agenda_compromissos", "DAL_DS_ATV_FINAL_Agenda_compromissos\DAL_DS_ATV_FINAL_Agenda_compromissos.csproj", "{EE819891-58B9-4386-AA4B-7BF300490EC6}"
EndProject
Project("{FAE04EC0-301F-11D3-BF4B-00C04F79EFBC}") = "BLL_DS_ATV_FINAL_Agenda_compromissos", "BLL_DS_ATV_FINAL_Agenda_compromissos\BLL_DS_ATV_FINAL_Agenda_compromissos.csproj", "{DFF175CC-DA53-4F68-9B85-5473688360E0}"
EndProject
Global
	GlobalSection(SolutionConfigurationPlatforms) = preSolution
		Debug|Any CPU = Debug|Any CPU
		Release|Any CPU = Release|Any CPU
	EndGlobalSection
	GlobalSection(ProjectConfigurationPlatforms) = postSolution
		{7DB110A6-F03B-46FB-82B0-C81E1401B8CC}.Debug|Any CPU.ActiveCfg = Debug|Any CPU
		{7DB110A6-F03B-46FB-82B0-C81E1401B8CC}.Debug|Any CPU.Build.0 = Debug|Any CPU
		{7DB110A6-F03B-46FB-82B0-C81E1401B8CC}.Release|Any CPU.ActiveCfg = Release|Any CPU
		{7DB110A6-F03B-46FB-82B0-C81E1401B8CC}.Release|Any CPU.Build.0 = Release|Any CPU
		{E72E8811-AE32-4981-804E-ABAB55C1AA2E}.Debug|Any CPU.ActiveCfg = Debug|Any CPU
		{E72E8811-AE32-4981-804E-ABAB55C1AA2E}.Debug|Any CPU.Build.0 = Debug|Any CPU
		{E72E8811-AE32-4981-804E-ABAB55C1AA2E}.Release|Any CPU.ActiveCfg = Release|Any CPU
		{E72E8811-AE32-4981-804E-ABAB55C1AA2E}.Release|Any CPU.Build.0 = Release|Any CPU
		{EE819891-58B9-4386-AA4B-7BF300490EC6}.Debug|Any CPU.ActiveCfg = Debug|Any CPU
		{EE819891-58B9-4386-AA4B-7BF300490EC6}.Debug|Any CPU.Build.0 = Debug|Any CPU
		{EE819891-58B9-4386-AA4B-7BF300490EC6}.Release|Any CPU.ActiveCfg = Release|Any CPU
		{EE819891-58B9-4386-AA4B-7BF300490EC6}.Release|Any CPU.Build.0 = Release|Any CPU
		{DFF175CC-DA53-4F68-9B85-5473688360E0}.Debug|Any CPU.ActiveCfg = Debug|Any CPU
		{DFF175CC-DA53-4F68-9B85-5473688360E0}.Debug|Any CPU.Build.0 = Debug|Any CPU
		{DFF175CC-DA53-4F68-9B85-5473688360E0}.Release|Any CPU.ActiveCfg = Release|Any CPU
		{DFF175CC-DA53-4F68-9B85-5473688360E0}.Release|Any CPU.Build.0 = Release|Any CPU
	EndGlobalSection
	GlobalSection(SolutionProperties) = preSolution
		HideSolutionNode = FALSE
	EndGlobalSection
	GlobalSection(ExtensibilityGlobals) = postSolution
		SolutionGuid = {A0040305-448F-43BC-9119-1A4744E1E2D0}
	EndGlobalSection
EndGlobal
